// !$*UTF8*$!
{
	archiveVersion = 1;
	classes = {
	};
	objectVersion = 55;
	objects = {

/* Begin PBXBuildFile section */
		2303DA7627E10F4200FF648F /* BackdropCell.swift in Sources */ = {isa = PBXBuildFile; fileRef = 2303DA7527E10F4200FF648F /* BackdropCell.swift */; };
		230DA48727FB5F8E0091EBCD /* LongDetailView.swift in Sources */ = {isa = PBXBuildFile; fileRef = 230DA48627FB5F8D0091EBCD /* LongDetailView.swift */; };
		230DA48A27FB641D0091EBCD /* MovieDataService.swift in Sources */ = {isa = PBXBuildFile; fileRef = 230DA48927FB641D0091EBCD /* MovieDataService.swift */; };
		230DA48C27FB65E80091EBCD /* PeopleDataService.swift in Sources */ = {isa = PBXBuildFile; fileRef = 230DA48B27FB65E80091EBCD /* PeopleDataService.swift */; };
		230DA48E27FB669F0091EBCD /* AllCastView.swift in Sources */ = {isa = PBXBuildFile; fileRef = 230DA48D27FB669F0091EBCD /* AllCastView.swift */; };
		230DA49027FB696E0091EBCD /* PreviewProvider.swift in Sources */ = {isa = PBXBuildFile; fileRef = 230DA48F27FB696E0091EBCD /* PreviewProvider.swift */; };
		236D35CE27CA49A100955726 /* TheMovieAppApp.swift in Sources */ = {isa = PBXBuildFile; fileRef = 236D35CD27CA49A100955726 /* TheMovieAppApp.swift */; };
		236D35D027CA49A100955726 /* MainView.swift in Sources */ = {isa = PBXBuildFile; fileRef = 236D35CF27CA49A100955726 /* MainView.swift */; };
		236D35D227CA49A400955726 /* Assets.xcassets in Resources */ = {isa = PBXBuildFile; fileRef = 236D35D127CA49A400955726 /* Assets.xcassets */; };
		236D35D527CA49A400955726 /* Preview Assets.xcassets in Resources */ = {isa = PBXBuildFile; fileRef = 236D35D427CA49A400955726 /* Preview Assets.xcassets */; };
		23A0DAC027E3AF9300F3D878 /* GenresCell.swift in Sources */ = {isa = PBXBuildFile; fileRef = 23A0DABF27E3AF9300F3D878 /* GenresCell.swift */; };
		23A0DAC227E635F100F3D878 /* WatchlistShape.swift in Sources */ = {isa = PBXBuildFile; fileRef = 23A0DAC127E635F100F3D878 /* WatchlistShape.swift */; };
		23C543582836F33700E28F45 /* Introspect in Frameworks */ = {isa = PBXBuildFile; productRef = 23C543572836F33700E28F45 /* Introspect */; };
		23DB0A6127E906C5003FFADF /* Credits.swift in Sources */ = {isa = PBXBuildFile; fileRef = 23DB0A6027E906C5003FFADF /* Credits.swift */; };
		23DB0A6727F64886003FFADF /* CastMemberCapsule.swift in Sources */ = {isa = PBXBuildFile; fileRef = 23DB0A6627F64886003FFADF /* CastMemberCapsule.swift */; };
		23DB0A6927F65527003FFADF /* reviews.swift in Sources */ = {isa = PBXBuildFile; fileRef = 23DB0A6827F65527003FFADF /* reviews.swift */; };
		23DB0A6B27F898F5003FFADF /* ShortReviewCell.swift in Sources */ = {isa = PBXBuildFile; fileRef = 23DB0A6A27F898F5003FFADF /* ShortReviewCell.swift */; };
		23DB0A6D27F89B6F003FFADF /* VoteAverageView.swift in Sources */ = {isa = PBXBuildFile; fileRef = 23DB0A6C27F89B6F003FFADF /* VoteAverageView.swift */; };
		23DB0A6F27F89BCF003FFADF /* Double.swift in Sources */ = {isa = PBXBuildFile; fileRef = 23DB0A6E27F89BCF003FFADF /* Double.swift */; };
		23DF0D522854DCB60051A787 /* FavoriteButton.swift in Sources */ = {isa = PBXBuildFile; fileRef = 23DF0D512854DCB60051A787 /* FavoriteButton.swift */; };
		23DF0D542854DDAE0051A787 /* PersonDetails.swift in Sources */ = {isa = PBXBuildFile; fileRef = 23DF0D532854DDAE0051A787 /* PersonDetails.swift */; };
		23DF0D562854E2660051A787 /* FavoritePersons.swift in Sources */ = {isa = PBXBuildFile; fileRef = 23DF0D552854E2660051A787 /* FavoritePersons.swift */; };
		23DF0D582854EF430051A787 /* AllCastViewModel.swift in Sources */ = {isa = PBXBuildFile; fileRef = 23DF0D572854EF430051A787 /* AllCastViewModel.swift */; };
		23DF0D5A2855E33E0051A787 /* CastCellView.swift in Sources */ = {isa = PBXBuildFile; fileRef = 23DF0D592855E33E0051A787 /* CastCellView.swift */; };
		23DF0D5C2855E5800051A787 /* Person.swift in Sources */ = {isa = PBXBuildFile; fileRef = 23DF0D5B2855E5800051A787 /* Person.swift */; };
		23DF0D602857BCCA0051A787 /* CastMemberDetailView.swift in Sources */ = {isa = PBXBuildFile; fileRef = 23DF0D5F2857BCCA0051A787 /* CastMemberDetailView.swift */; };
		23F903EB27CA4CE100A9FE58 /* URLSession.swift in Sources */ = {isa = PBXBuildFile; fileRef = 23F903EA27CA4CE100A9FE58 /* URLSession.swift */; };
		23F903F027CA52F300A9FE58 /* FetchManager.swift in Sources */ = {isa = PBXBuildFile; fileRef = 23F903EF27CA52F300A9FE58 /* FetchManager.swift */; };
		23F903F327CA76FF00A9FE58 /* PopularMovies.swift in Sources */ = {isa = PBXBuildFile; fileRef = 23F903F227CA76FF00A9FE58 /* PopularMovies.swift */; };
		23F903F527CA7A9900A9FE58 /* MainViewViewModel.swift in Sources */ = {isa = PBXBuildFile; fileRef = 23F903F427CA7A9900A9FE58 /* MainViewViewModel.swift */; };
		23F903FA27CC036800A9FE58 /* Images.swift in Sources */ = {isa = PBXBuildFile; fileRef = 23F903F927CC036800A9FE58 /* Images.swift */; };
		23F903FC27CD422D00A9FE58 /* PortraitStyleMovieCell.swift in Sources */ = {isa = PBXBuildFile; fileRef = 23F903FB27CD422D00A9FE58 /* PortraitStyleMovieCell.swift */; };
		23F9040027CEA26B00A9FE58 /* RoundedCorner.swift in Sources */ = {isa = PBXBuildFile; fileRef = 23F903FF27CEA26B00A9FE58 /* RoundedCorner.swift */; };
		23F9040327CEAB1D00A9FE58 /* HeadLineRow.swift in Sources */ = {isa = PBXBuildFile; fileRef = 23F9040227CEAB1D00A9FE58 /* HeadLineRow.swift */; };
		23F9040527CFEDEC00A9FE58 /* WatchlistItems.swift in Sources */ = {isa = PBXBuildFile; fileRef = 23F9040427CFEDEC00A9FE58 /* WatchlistItems.swift */; };
		23F9040727CFFE4C00A9FE58 /* WatchlistCornerButton.swift in Sources */ = {isa = PBXBuildFile; fileRef = 23F9040627CFFE4C00A9FE58 /* WatchlistCornerButton.swift */; };
		23F9040927D130D200A9FE58 /* WatchlistViewSegment.swift in Sources */ = {isa = PBXBuildFile; fileRef = 23F9040827D130D200A9FE58 /* WatchlistViewSegment.swift */; };
		23F9042C27D68C9600A9FE58 /* ShortDetailItemCell.swift in Sources */ = {isa = PBXBuildFile; fileRef = 23F9042B27D68C9500A9FE58 /* ShortDetailItemCell.swift */; };
		23F9042E27D68F7D00A9FE58 /* ItemDetails.swift in Sources */ = {isa = PBXBuildFile; fileRef = 23F9042D27D68F7D00A9FE58 /* ItemDetails.swift */; };
		23F9043027D91E2400A9FE58 /* ShortDetailItemViewViewModel.swift in Sources */ = {isa = PBXBuildFile; fileRef = 23F9042F27D91E2400A9FE58 /* ShortDetailItemViewViewModel.swift */; };
		23F9043227D92AD500A9FE58 /* ShortDetailItemView.swift in Sources */ = {isa = PBXBuildFile; fileRef = 23F9043127D92AD500A9FE58 /* ShortDetailItemView.swift */; };
		23F9045B27DFAEF800A9FE58 /* VideoView.swift in Sources */ = {isa = PBXBuildFile; fileRef = 23F9045A27DFAEF700A9FE58 /* VideoView.swift */; };
/* End PBXBuildFile section */

/* Begin PBXFileReference section */
		2303DA7527E10F4200FF648F /* BackdropCell.swift */ = {isa = PBXFileReference; lastKnownFileType = sourcecode.swift; path = BackdropCell.swift; sourceTree = "<group>"; };
		230DA48627FB5F8D0091EBCD /* LongDetailView.swift */ = {isa = PBXFileReference; lastKnownFileType = sourcecode.swift; path = LongDetailView.swift; sourceTree = "<group>"; };
		230DA48927FB641D0091EBCD /* MovieDataService.swift */ = {isa = PBXFileReference; lastKnownFileType = sourcecode.swift; path = MovieDataService.swift; sourceTree = "<group>"; };
		230DA48B27FB65E80091EBCD /* PeopleDataService.swift */ = {isa = PBXFileReference; lastKnownFileType = sourcecode.swift; path = PeopleDataService.swift; sourceTree = "<group>"; };
		230DA48D27FB669F0091EBCD /* AllCastView.swift */ = {isa = PBXFileReference; lastKnownFileType = sourcecode.swift; path = AllCastView.swift; sourceTree = "<group>"; };
		230DA48F27FB696E0091EBCD /* PreviewProvider.swift */ = {isa = PBXFileReference; lastKnownFileType = sourcecode.swift; path = PreviewProvider.swift; sourceTree = "<group>"; };
		236D35CA27CA49A100955726 /* TheMovieApp.app */ = {isa = PBXFileReference; explicitFileType = wrapper.application; includeInIndex = 0; path = TheMovieApp.app; sourceTree = BUILT_PRODUCTS_DIR; };
		236D35CD27CA49A100955726 /* TheMovieAppApp.swift */ = {isa = PBXFileReference; lastKnownFileType = sourcecode.swift; path = TheMovieAppApp.swift; sourceTree = "<group>"; };
		236D35CF27CA49A100955726 /* MainView.swift */ = {isa = PBXFileReference; lastKnownFileType = sourcecode.swift; path = MainView.swift; sourceTree = "<group>"; };
		236D35D127CA49A400955726 /* Assets.xcassets */ = {isa = PBXFileReference; lastKnownFileType = folder.assetcatalog; path = Assets.xcassets; sourceTree = "<group>"; };
		236D35D427CA49A400955726 /* Preview Assets.xcassets */ = {isa = PBXFileReference; lastKnownFileType = folder.assetcatalog; path = "Preview Assets.xcassets"; sourceTree = "<group>"; };
		23A0DABF27E3AF9300F3D878 /* GenresCell.swift */ = {isa = PBXFileReference; lastKnownFileType = sourcecode.swift; path = GenresCell.swift; sourceTree = "<group>"; };
		23A0DAC127E635F100F3D878 /* WatchlistShape.swift */ = {isa = PBXFileReference; lastKnownFileType = sourcecode.swift; path = WatchlistShape.swift; sourceTree = "<group>"; };
		23C543552836F2C000E28F45 /* Info.plist */ = {isa = PBXFileReference; lastKnownFileType = text.plist; path = Info.plist; sourceTree = "<group>"; };
		23DB0A6027E906C5003FFADF /* Credits.swift */ = {isa = PBXFileReference; lastKnownFileType = sourcecode.swift; path = Credits.swift; sourceTree = "<group>"; };
		23DB0A6627F64886003FFADF /* CastMemberCapsule.swift */ = {isa = PBXFileReference; lastKnownFileType = sourcecode.swift; path = CastMemberCapsule.swift; sourceTree = "<group>"; };
		23DB0A6827F65527003FFADF /* reviews.swift */ = {isa = PBXFileReference; lastKnownFileType = sourcecode.swift; path = reviews.swift; sourceTree = "<group>"; };
		23DB0A6A27F898F5003FFADF /* ShortReviewCell.swift */ = {isa = PBXFileReference; lastKnownFileType = sourcecode.swift; path = ShortReviewCell.swift; sourceTree = "<group>"; };
		23DB0A6C27F89B6F003FFADF /* VoteAverageView.swift */ = {isa = PBXFileReference; lastKnownFileType = sourcecode.swift; path = VoteAverageView.swift; sourceTree = "<group>"; };
		23DB0A6E27F89BCF003FFADF /* Double.swift */ = {isa = PBXFileReference; lastKnownFileType = sourcecode.swift; path = Double.swift; sourceTree = "<group>"; };
		23DF0D512854DCB60051A787 /* FavoriteButton.swift */ = {isa = PBXFileReference; lastKnownFileType = sourcecode.swift; path = FavoriteButton.swift; sourceTree = "<group>"; };
		23DF0D532854DDAE0051A787 /* PersonDetails.swift */ = {isa = PBXFileReference; lastKnownFileType = sourcecode.swift; path = PersonDetails.swift; sourceTree = "<group>"; };
		23DF0D552854E2660051A787 /* FavoritePersons.swift */ = {isa = PBXFileReference; lastKnownFileType = sourcecode.swift; path = FavoritePersons.swift; sourceTree = "<group>"; };
		23DF0D572854EF430051A787 /* AllCastViewModel.swift */ = {isa = PBXFileReference; lastKnownFileType = sourcecode.swift; path = AllCastViewModel.swift; sourceTree = "<group>"; };
		23DF0D592855E33E0051A787 /* CastCellView.swift */ = {isa = PBXFileReference; lastKnownFileType = sourcecode.swift; path = CastCellView.swift; sourceTree = "<group>"; };
		23DF0D5B2855E5800051A787 /* Person.swift */ = {isa = PBXFileReference; lastKnownFileType = sourcecode.swift; path = Person.swift; sourceTree = "<group>"; };
		23DF0D5F2857BCCA0051A787 /* CastMemberDetailView.swift */ = {isa = PBXFileReference; lastKnownFileType = sourcecode.swift; path = CastMemberDetailView.swift; sourceTree = "<group>"; };
		23F903EA27CA4CE100A9FE58 /* URLSession.swift */ = {isa = PBXFileReference; lastKnownFileType = sourcecode.swift; path = URLSession.swift; sourceTree = "<group>"; };
		23F903EF27CA52F300A9FE58 /* FetchManager.swift */ = {isa = PBXFileReference; lastKnownFileType = sourcecode.swift; path = FetchManager.swift; sourceTree = "<group>"; };
		23F903F227CA76FF00A9FE58 /* PopularMovies.swift */ = {isa = PBXFileReference; lastKnownFileType = sourcecode.swift; path = PopularMovies.swift; sourceTree = "<group>"; };
		23F903F427CA7A9900A9FE58 /* MainViewViewModel.swift */ = {isa = PBXFileReference; lastKnownFileType = sourcecode.swift; path = MainViewViewModel.swift; sourceTree = "<group>"; };
		23F903F927CC036800A9FE58 /* Images.swift */ = {isa = PBXFileReference; lastKnownFileType = sourcecode.swift; path = Images.swift; sourceTree = "<group>"; };
		23F903FB27CD422D00A9FE58 /* PortraitStyleMovieCell.swift */ = {isa = PBXFileReference; lastKnownFileType = sourcecode.swift; path = PortraitStyleMovieCell.swift; sourceTree = "<group>"; };
		23F903FF27CEA26B00A9FE58 /* RoundedCorner.swift */ = {isa = PBXFileReference; lastKnownFileType = sourcecode.swift; path = RoundedCorner.swift; sourceTree = "<group>"; };
		23F9040227CEAB1D00A9FE58 /* HeadLineRow.swift */ = {isa = PBXFileReference; lastKnownFileType = sourcecode.swift; path = HeadLineRow.swift; sourceTree = "<group>"; };
		23F9040427CFEDEC00A9FE58 /* WatchlistItems.swift */ = {isa = PBXFileReference; lastKnownFileType = sourcecode.swift; path = WatchlistItems.swift; sourceTree = "<group>"; };
		23F9040627CFFE4C00A9FE58 /* WatchlistCornerButton.swift */ = {isa = PBXFileReference; lastKnownFileType = sourcecode.swift; path = WatchlistCornerButton.swift; sourceTree = "<group>"; };
		23F9040827D130D200A9FE58 /* WatchlistViewSegment.swift */ = {isa = PBXFileReference; lastKnownFileType = sourcecode.swift; path = WatchlistViewSegment.swift; sourceTree = "<group>"; };
		23F9042B27D68C9500A9FE58 /* ShortDetailItemCell.swift */ = {isa = PBXFileReference; lastKnownFileType = sourcecode.swift; path = ShortDetailItemCell.swift; sourceTree = "<group>"; };
		23F9042D27D68F7D00A9FE58 /* ItemDetails.swift */ = {isa = PBXFileReference; lastKnownFileType = sourcecode.swift; path = ItemDetails.swift; sourceTree = "<group>"; };
		23F9042F27D91E2400A9FE58 /* ShortDetailItemViewViewModel.swift */ = {isa = PBXFileReference; lastKnownFileType = sourcecode.swift; path = ShortDetailItemViewViewModel.swift; sourceTree = "<group>"; };
		23F9043127D92AD500A9FE58 /* ShortDetailItemView.swift */ = {isa = PBXFileReference; lastKnownFileType = sourcecode.swift; path = ShortDetailItemView.swift; sourceTree = "<group>"; };
		23F9045A27DFAEF700A9FE58 /* VideoView.swift */ = {isa = PBXFileReference; lastKnownFileType = sourcecode.swift; path = VideoView.swift; sourceTree = "<group>"; };
/* End PBXFileReference section */

/* Begin PBXFrameworksBuildPhase section */
		236D35C727CA49A100955726 /* Frameworks */ = {
			isa = PBXFrameworksBuildPhase;
			buildActionMask = 2147483647;
			files = (
				23C543582836F33700E28F45 /* Introspect in Frameworks */,
			);
			runOnlyForDeploymentPostprocessing = 0;
		};
/* End PBXFrameworksBuildPhase section */

/* Begin PBXGroup section */
		230DA48827FB63CB0091EBCD /*  Services */ = {
			isa = PBXGroup;
			children = (
				230DA48927FB641D0091EBCD /* MovieDataService.swift */,
				230DA48B27FB65E80091EBCD /* PeopleDataService.swift */,
			);
			path = " Services";
			sourceTree = "<group>";
		};
		236D35C127CA49A100955726 = {
			isa = PBXGroup;
			children = (
				236D35CC27CA49A100955726 /* TheMovieApp */,
				236D35CB27CA49A100955726 /* Products */,
			);
			sourceTree = "<group>";
		};
		236D35CB27CA49A100955726 /* Products */ = {
			isa = PBXGroup;
			children = (
				236D35CA27CA49A100955726 /* TheMovieApp.app */,
			);
			name = Products;
			sourceTree = "<group>";
		};
		236D35CC27CA49A100955726 /* TheMovieApp */ = {
			isa = PBXGroup;
			children = (
				23C543552836F2C000E28F45 /* Info.plist */,
				23F903EC27CA4CEB00A9FE58 /* App */,
				23DB0A6427F64505003FFADF /* Extensions */,
				230DA48827FB63CB0091EBCD /*  Services */,
				23F903EE27CA4D1400A9FE58 /* Utilitis */,
				23DB0A6227F6448E003FFADF /* Core */,
				23F903F627CA7EA200A9FE58 /* ViewModels */,
				23F903F127CA760F00A9FE58 /* Model */,
				236D35D127CA49A400955726 /* Assets.xcassets */,
				236D35D327CA49A400955726 /* Preview Content */,
			);
			path = TheMovieApp;
			sourceTree = "<group>";
		};
		236D35D327CA49A400955726 /* Preview Content */ = {
			isa = PBXGroup;
			children = (
				236D35D427CA49A400955726 /* Preview Assets.xcassets */,
			);
			path = "Preview Content";
			sourceTree = "<group>";
		};
		23DB0A6227F6448E003FFADF /* Core */ = {
			isa = PBXGroup;
			children = (
				23DB0A6527F64591003FFADF /* Components */,
				23F903ED27CA4CF100A9FE58 /* Views */,
				23F9040127CEA27800A9FE58 /* Custom Shapes */,
			);
			path = Core;
			sourceTree = "<group>";
		};
		23DB0A6427F64505003FFADF /* Extensions */ = {
			isa = PBXGroup;
			children = (
				23F903EA27CA4CE100A9FE58 /* URLSession.swift */,
				23DB0A6E27F89BCF003FFADF /* Double.swift */,
				230DA48F27FB696E0091EBCD /* PreviewProvider.swift */,
			);
			path = Extensions;
			sourceTree = "<group>";
		};
		23DB0A6527F64591003FFADF /* Components */ = {
			isa = PBXGroup;
			children = (
				2303DA7527E10F4200FF648F /* BackdropCell.swift */,
				23DF0D592855E33E0051A787 /* CastCellView.swift */,
				23A0DABF27E3AF9300F3D878 /* GenresCell.swift */,
				23F903FB27CD422D00A9FE58 /* PortraitStyleMovieCell.swift */,
				23F9040627CFFE4C00A9FE58 /* WatchlistCornerButton.swift */,
				23DF0D512854DCB60051A787 /* FavoriteButton.swift */,
				23F9040227CEAB1D00A9FE58 /* HeadLineRow.swift */,
				23DB0A6627F64886003FFADF /* CastMemberCapsule.swift */,
				23DB0A6A27F898F5003FFADF /* ShortReviewCell.swift */,
				23DB0A6C27F89B6F003FFADF /* VoteAverageView.swift */,
			);
			path = Components;
			sourceTree = "<group>";
		};
		23F903EC27CA4CEB00A9FE58 /* App */ = {
			isa = PBXGroup;
			children = (
				236D35CD27CA49A100955726 /* TheMovieAppApp.swift */,
			);
			path = App;
			sourceTree = "<group>";
		};
		23F903ED27CA4CF100A9FE58 /* Views */ = {
			isa = PBXGroup;
			children = (
				236D35CF27CA49A100955726 /* MainView.swift */,
				23DF0D5F2857BCCA0051A787 /* CastMemberDetailView.swift */,
				23F9043127D92AD500A9FE58 /* ShortDetailItemView.swift */,
				23F9042B27D68C9500A9FE58 /* ShortDetailItemCell.swift */,
				230DA48627FB5F8D0091EBCD /* LongDetailView.swift */,
				230DA48D27FB669F0091EBCD /* AllCastView.swift */,
				23F9040827D130D200A9FE58 /* WatchlistViewSegment.swift */,
				23F9045A27DFAEF700A9FE58 /* VideoView.swift */,
			);
			path = Views;
			sourceTree = "<group>";
		};
		23F903EE27CA4D1400A9FE58 /* Utilitis */ = {
			isa = PBXGroup;
			children = (
				23F9040427CFEDEC00A9FE58 /* WatchlistItems.swift */,
				23DF0D552854E2660051A787 /* FavoritePersons.swift */,
				23F903EF27CA52F300A9FE58 /* FetchManager.swift */,
			);
			path = Utilitis;
			sourceTree = "<group>";
		};
		23F903F127CA760F00A9FE58 /* Model */ = {
			isa = PBXGroup;
			children = (
				23F903F227CA76FF00A9FE58 /* PopularMovies.swift */,
				23DF0D532854DDAE0051A787 /* PersonDetails.swift */,
				23F903F927CC036800A9FE58 /* Images.swift */,
				23DF0D5B2855E5800051A787 /* Person.swift */,
				23F9042D27D68F7D00A9FE58 /* ItemDetails.swift */,
				23DB0A6027E906C5003FFADF /* Credits.swift */,
				23DB0A6827F65527003FFADF /* reviews.swift */,
			);
			path = Model;
			sourceTree = "<group>";
		};
		23F903F627CA7EA200A9FE58 /* ViewModels */ = {
			isa = PBXGroup;
			children = (
				23F903F427CA7A9900A9FE58 /* MainViewViewModel.swift */,
				23F9042F27D91E2400A9FE58 /* ShortDetailItemViewViewModel.swift */,
				23DF0D572854EF430051A787 /* AllCastViewModel.swift */,
			);
			path = ViewModels;
			sourceTree = "<group>";
		};
		23F9040127CEA27800A9FE58 /* Custom Shapes */ = {
			isa = PBXGroup;
			children = (
				23F903FF27CEA26B00A9FE58 /* RoundedCorner.swift */,
				23A0DAC127E635F100F3D878 /* WatchlistShape.swift */,
			);
			path = "Custom Shapes";
			sourceTree = "<group>";
		};
/* End PBXGroup section */

/* Begin PBXNativeTarget section */
		236D35C927CA49A100955726 /* TheMovieApp */ = {
			isa = PBXNativeTarget;
			buildConfigurationList = 236D35D827CA49A400955726 /* Build configuration list for PBXNativeTarget "TheMovieApp" */;
			buildPhases = (
				236D35C627CA49A100955726 /* Sources */,
				236D35C727CA49A100955726 /* Frameworks */,
				236D35C827CA49A100955726 /* Resources */,
			);
			buildRules = (
			);
			dependencies = (
			);
			name = TheMovieApp;
			packageProductDependencies = (
				23C543572836F33700E28F45 /* Introspect */,
			);
			productName = TheMovieApp;
			productReference = 236D35CA27CA49A100955726 /* TheMovieApp.app */;
			productType = "com.apple.product-type.application";
		};
/* End PBXNativeTarget section */

/* Begin PBXProject section */
		236D35C227CA49A100955726 /* Project object */ = {
			isa = PBXProject;
			attributes = {
				BuildIndependentTargetsInParallel = 1;
				LastSwiftUpdateCheck = 1320;
				LastUpgradeCheck = 1320;
				TargetAttributes = {
					236D35C927CA49A100955726 = {
						CreatedOnToolsVersion = 13.2.1;
					};
				};
			};
			buildConfigurationList = 236D35C527CA49A100955726 /* Build configuration list for PBXProject "TheMovieApp" */;
			compatibilityVersion = "Xcode 13.0";
			developmentRegion = en;
			hasScannedForEncodings = 0;
			knownRegions = (
				en,
				Base,
			);
			mainGroup = 236D35C127CA49A100955726;
			packageReferences = (
				23F9045127DE07B800A9FE58 /* XCRemoteSwiftPackageReference "SwiftUI-Introspect" */,
				23C543562836F33700E28F45 /* XCRemoteSwiftPackageReference "SwiftUI-Introspect" */,
			);
			productRefGroup = 236D35CB27CA49A100955726 /* Products */;
			projectDirPath = "";
			projectRoot = "";
			targets = (
				236D35C927CA49A100955726 /* TheMovieApp */,
			);
		};
/* End PBXProject section */

/* Begin PBXResourcesBuildPhase section */
		236D35C827CA49A100955726 /* Resources */ = {
			isa = PBXResourcesBuildPhase;
			buildActionMask = 2147483647;
			files = (
				236D35D527CA49A400955726 /* Preview Assets.xcassets in Resources */,
				236D35D227CA49A400955726 /* Assets.xcassets in Resources */,
			);
			runOnlyForDeploymentPostprocessing = 0;
		};
/* End PBXResourcesBuildPhase section */

/* Begin PBXSourcesBuildPhase section */
		236D35C627CA49A100955726 /* Sources */ = {
			isa = PBXSourcesBuildPhase;
			buildActionMask = 2147483647;
			files = (
				23DB0A6D27F89B6F003FFADF /* VoteAverageView.swift in Sources */,
				23F9040527CFEDEC00A9FE58 /* WatchlistItems.swift in Sources */,
				23F903F327CA76FF00A9FE58 /* PopularMovies.swift in Sources */,
				23F9040727CFFE4C00A9FE58 /* WatchlistCornerButton.swift in Sources */,
				23F903FC27CD422D00A9FE58 /* PortraitStyleMovieCell.swift in Sources */,
				23F9040927D130D200A9FE58 /* WatchlistViewSegment.swift in Sources */,
				23DB0A6927F65527003FFADF /* reviews.swift in Sources */,
				23DB0A6F27F89BCF003FFADF /* Double.swift in Sources */,
				236D35D027CA49A100955726 /* MainView.swift in Sources */,
				23DF0D522854DCB60051A787 /* FavoriteButton.swift in Sources */,
				23DF0D562854E2660051A787 /* FavoritePersons.swift in Sources */,
				230DA48E27FB669F0091EBCD /* AllCastView.swift in Sources */,
				230DA48727FB5F8E0091EBCD /* LongDetailView.swift in Sources */,
				23F9045B27DFAEF800A9FE58 /* VideoView.swift in Sources */,
				23DF0D5C2855E5800051A787 /* Person.swift in Sources */,
				23F9040027CEA26B00A9FE58 /* RoundedCorner.swift in Sources */,
				23DF0D542854DDAE0051A787 /* PersonDetails.swift in Sources */,
				23F9040327CEAB1D00A9FE58 /* HeadLineRow.swift in Sources */,
				23F903F527CA7A9900A9FE58 /* MainViewViewModel.swift in Sources */,
				23DB0A6727F64886003FFADF /* CastMemberCapsule.swift in Sources */,
				23DB0A6B27F898F5003FFADF /* ShortReviewCell.swift in Sources */,
				236D35CE27CA49A100955726 /* TheMovieAppApp.swift in Sources */,
				23DF0D582854EF430051A787 /* AllCastViewModel.swift in Sources */,
				23DF0D602857BCCA0051A787 /* CastMemberDetailView.swift in Sources */,
				23A0DAC027E3AF9300F3D878 /* GenresCell.swift in Sources */,
				23F903FA27CC036800A9FE58 /* Images.swift in Sources */,
				23F9042C27D68C9600A9FE58 /* ShortDetailItemCell.swift in Sources */,
				23A0DAC227E635F100F3D878 /* WatchlistShape.swift in Sources */,
				23F9042E27D68F7D00A9FE58 /* ItemDetails.swift in Sources */,
				230DA48A27FB641D0091EBCD /* MovieDataService.swift in Sources */,
				23DB0A6127E906C5003FFADF /* Credits.swift in Sources */,
				2303DA7627E10F4200FF648F /* BackdropCell.swift in Sources */,
				23F9043227D92AD500A9FE58 /* ShortDetailItemView.swift in Sources */,
				23F903F027CA52F300A9FE58 /* FetchManager.swift in Sources */,
				23DF0D5A2855E33E0051A787 /* CastCellView.swift in Sources */,
				23F9043027D91E2400A9FE58 /* ShortDetailItemViewViewModel.swift in Sources */,
				230DA49027FB696E0091EBCD /* PreviewProvider.swift in Sources */,
				230DA48C27FB65E80091EBCD /* PeopleDataService.swift in Sources */,
				23F903EB27CA4CE100A9FE58 /* URLSession.swift in Sources */,
			);
			runOnlyForDeploymentPostprocessing = 0;
		};
/* End PBXSourcesBuildPhase section */

/* Begin XCBuildConfiguration section */
		236D35D627CA49A400955726 /* Debug */ = {
			isa = XCBuildConfiguration;
			buildSettings = {
				ALWAYS_SEARCH_USER_PATHS = NO;
				CLANG_ANALYZER_NONNULL = YES;
				CLANG_ANALYZER_NUMBER_OBJECT_CONVERSION = YES_AGGRESSIVE;
				CLANG_CXX_LANGUAGE_STANDARD = "gnu++17";
				CLANG_CXX_LIBRARY = "libc++";
				CLANG_ENABLE_MODULES = YES;
				CLANG_ENABLE_OBJC_ARC = YES;
				CLANG_ENABLE_OBJC_WEAK = YES;
				CLANG_WARN_BLOCK_CAPTURE_AUTORELEASING = YES;
				CLANG_WARN_BOOL_CONVERSION = YES;
				CLANG_WARN_COMMA = YES;
				CLANG_WARN_CONSTANT_CONVERSION = YES;
				CLANG_WARN_DEPRECATED_OBJC_IMPLEMENTATIONS = YES;
				CLANG_WARN_DIRECT_OBJC_ISA_USAGE = YES_ERROR;
				CLANG_WARN_DOCUMENTATION_COMMENTS = YES;
				CLANG_WARN_EMPTY_BODY = YES;
				CLANG_WARN_ENUM_CONVERSION = YES;
				CLANG_WARN_INFINITE_RECURSION = YES;
				CLANG_WARN_INT_CONVERSION = YES;
				CLANG_WARN_NON_LITERAL_NULL_CONVERSION = YES;
				CLANG_WARN_OBJC_IMPLICIT_RETAIN_SELF = YES;
				CLANG_WARN_OBJC_LITERAL_CONVERSION = YES;
				CLANG_WARN_OBJC_ROOT_CLASS = YES_ERROR;
				CLANG_WARN_QUOTED_INCLUDE_IN_FRAMEWORK_HEADER = YES;
				CLANG_WARN_RANGE_LOOP_ANALYSIS = YES;
				CLANG_WARN_STRICT_PROTOTYPES = YES;
				CLANG_WARN_SUSPICIOUS_MOVE = YES;
				CLANG_WARN_UNGUARDED_AVAILABILITY = YES_AGGRESSIVE;
				CLANG_WARN_UNREACHABLE_CODE = YES;
				CLANG_WARN__DUPLICATE_METHOD_MATCH = YES;
				COPY_PHASE_STRIP = NO;
				DEBUG_INFORMATION_FORMAT = dwarf;
				ENABLE_STRICT_OBJC_MSGSEND = YES;
				ENABLE_TESTABILITY = YES;
				GCC_C_LANGUAGE_STANDARD = gnu11;
				GCC_DYNAMIC_NO_PIC = NO;
				GCC_NO_COMMON_BLOCKS = YES;
				GCC_OPTIMIZATION_LEVEL = 0;
				GCC_PREPROCESSOR_DEFINITIONS = (
					"DEBUG=1",
					"$(inherited)",
				);
				GCC_WARN_64_TO_32_BIT_CONVERSION = YES;
				GCC_WARN_ABOUT_RETURN_TYPE = YES_ERROR;
				GCC_WARN_UNDECLARED_SELECTOR = YES;
				GCC_WARN_UNINITIALIZED_AUTOS = YES_AGGRESSIVE;
				GCC_WARN_UNUSED_FUNCTION = YES;
				GCC_WARN_UNUSED_VARIABLE = YES;
				IPHONEOS_DEPLOYMENT_TARGET = 15.2;
				MTL_ENABLE_DEBUG_INFO = INCLUDE_SOURCE;
				MTL_FAST_MATH = YES;
				ONLY_ACTIVE_ARCH = YES;
				SDKROOT = iphoneos;
				SWIFT_ACTIVE_COMPILATION_CONDITIONS = DEBUG;
				SWIFT_OPTIMIZATION_LEVEL = "-Onone";
			};
			name = Debug;
		};
		236D35D727CA49A400955726 /* Release */ = {
			isa = XCBuildConfiguration;
			buildSettings = {
				ALWAYS_SEARCH_USER_PATHS = NO;
				CLANG_ANALYZER_NONNULL = YES;
				CLANG_ANALYZER_NUMBER_OBJECT_CONVERSION = YES_AGGRESSIVE;
				CLANG_CXX_LANGUAGE_STANDARD = "gnu++17";
				CLANG_CXX_LIBRARY = "libc++";
				CLANG_ENABLE_MODULES = YES;
				CLANG_ENABLE_OBJC_ARC = YES;
				CLANG_ENABLE_OBJC_WEAK = YES;
				CLANG_WARN_BLOCK_CAPTURE_AUTORELEASING = YES;
				CLANG_WARN_BOOL_CONVERSION = YES;
				CLANG_WARN_COMMA = YES;
				CLANG_WARN_CONSTANT_CONVERSION = YES;
				CLANG_WARN_DEPRECATED_OBJC_IMPLEMENTATIONS = YES;
				CLANG_WARN_DIRECT_OBJC_ISA_USAGE = YES_ERROR;
				CLANG_WARN_DOCUMENTATION_COMMENTS = YES;
				CLANG_WARN_EMPTY_BODY = YES;
				CLANG_WARN_ENUM_CONVERSION = YES;
				CLANG_WARN_INFINITE_RECURSION = YES;
				CLANG_WARN_INT_CONVERSION = YES;
				CLANG_WARN_NON_LITERAL_NULL_CONVERSION = YES;
				CLANG_WARN_OBJC_IMPLICIT_RETAIN_SELF = YES;
				CLANG_WARN_OBJC_LITERAL_CONVERSION = YES;
				CLANG_WARN_OBJC_ROOT_CLASS = YES_ERROR;
				CLANG_WARN_QUOTED_INCLUDE_IN_FRAMEWORK_HEADER = YES;
				CLANG_WARN_RANGE_LOOP_ANALYSIS = YES;
				CLANG_WARN_STRICT_PROTOTYPES = YES;
				CLANG_WARN_SUSPICIOUS_MOVE = YES;
				CLANG_WARN_UNGUARDED_AVAILABILITY = YES_AGGRESSIVE;
				CLANG_WARN_UNREACHABLE_CODE = YES;
				CLANG_WARN__DUPLICATE_METHOD_MATCH = YES;
				COPY_PHASE_STRIP = NO;
				DEBUG_INFORMATION_FORMAT = "dwarf-with-dsym";
				ENABLE_NS_ASSERTIONS = NO;
				ENABLE_STRICT_OBJC_MSGSEND = YES;
				GCC_C_LANGUAGE_STANDARD = gnu11;
				GCC_NO_COMMON_BLOCKS = YES;
				GCC_WARN_64_TO_32_BIT_CONVERSION = YES;
				GCC_WARN_ABOUT_RETURN_TYPE = YES_ERROR;
				GCC_WARN_UNDECLARED_SELECTOR = YES;
				GCC_WARN_UNINITIALIZED_AUTOS = YES_AGGRESSIVE;
				GCC_WARN_UNUSED_FUNCTION = YES;
				GCC_WARN_UNUSED_VARIABLE = YES;
				IPHONEOS_DEPLOYMENT_TARGET = 15.2;
				MTL_ENABLE_DEBUG_INFO = NO;
				MTL_FAST_MATH = YES;
				SDKROOT = iphoneos;
				SWIFT_COMPILATION_MODE = wholemodule;
				SWIFT_OPTIMIZATION_LEVEL = "-O";
				VALIDATE_PRODUCT = YES;
			};
			name = Release;
		};
		236D35D927CA49A400955726 /* Debug */ = {
			isa = XCBuildConfiguration;
			buildSettings = {
				ASSETCATALOG_COMPILER_APPICON_NAME = AppIcon;
				ASSETCATALOG_COMPILER_GLOBAL_ACCENT_COLOR_NAME = AccentColor;
				CODE_SIGN_STYLE = Automatic;
				CURRENT_PROJECT_VERSION = 1;
				DEVELOPMENT_ASSET_PATHS = "\"TheMovieApp/Preview Content\"";
				DEVELOPMENT_TEAM = 3FACLSXXJM;
				ENABLE_PREVIEWS = YES;
				GENERATE_INFOPLIST_FILE = YES;
				INFOPLIST_FILE = TheMovieApp/Info.plist;
				INFOPLIST_KEY_UIApplicationSceneManifest_Generation = YES;
				INFOPLIST_KEY_UIApplicationSupportsIndirectInputEvents = YES;
				INFOPLIST_KEY_UILaunchScreen_Generation = YES;
				INFOPLIST_KEY_UISupportedInterfaceOrientations = UIInterfaceOrientationPortrait;
				INFOPLIST_KEY_UISupportedInterfaceOrientations_iPad = "UIInterfaceOrientationPortrait UIInterfaceOrientationPortraitUpsideDown UIInterfaceOrientationLandscapeLeft UIInterfaceOrientationLandscapeRight";
				INFOPLIST_KEY_UISupportedInterfaceOrientations_iPhone = "UIInterfaceOrientationPortrait UIInterfaceOrientationLandscapeLeft UIInterfaceOrientationLandscapeRight";
				LD_RUNPATH_SEARCH_PATHS = (
					"$(inherited)",
					"@executable_path/Frameworks",
				);
				MARKETING_VERSION = 1.0;
				PRODUCT_BUNDLE_IDENTIFIER = zajdajakub.TheMovieApp;
				PRODUCT_NAME = "$(TARGET_NAME)";
				SWIFT_EMIT_LOC_STRINGS = YES;
				SWIFT_VERSION = 5.0;
				TARGETED_DEVICE_FAMILY = "1,2";
			};
			name = Debug;
		};
		236D35DA27CA49A400955726 /* Release */ = {
			isa = XCBuildConfiguration;
			buildSettings = {
				ASSETCATALOG_COMPILER_APPICON_NAME = AppIcon;
				ASSETCATALOG_COMPILER_GLOBAL_ACCENT_COLOR_NAME = AccentColor;
				CODE_SIGN_STYLE = Automatic;
				CURRENT_PROJECT_VERSION = 1;
				DEVELOPMENT_ASSET_PATHS = "\"TheMovieApp/Preview Content\"";
				DEVELOPMENT_TEAM = 3FACLSXXJM;
				ENABLE_PREVIEWS = YES;
				GENERATE_INFOPLIST_FILE = YES;
				INFOPLIST_FILE = TheMovieApp/Info.plist;
				INFOPLIST_KEY_UIApplicationSceneManifest_Generation = YES;
				INFOPLIST_KEY_UIApplicationSupportsIndirectInputEvents = YES;
				INFOPLIST_KEY_UILaunchScreen_Generation = YES;
				INFOPLIST_KEY_UISupportedInterfaceOrientations = UIInterfaceOrientationPortrait;
				INFOPLIST_KEY_UISupportedInterfaceOrientations_iPad = "UIInterfaceOrientationPortrait UIInterfaceOrientationPortraitUpsideDown UIInterfaceOrientationLandscapeLeft UIInterfaceOrientationLandscapeRight";
				INFOPLIST_KEY_UISupportedInterfaceOrientations_iPhone = "UIInterfaceOrientationPortrait UIInterfaceOrientationLandscapeLeft UIInterfaceOrientationLandscapeRight";
				LD_RUNPATH_SEARCH_PATHS = (
					"$(inherited)",
					"@executable_path/Frameworks",
				);
				MARKETING_VERSION = 1.0;
				PRODUCT_BUNDLE_IDENTIFIER = zajdajakub.TheMovieApp;
				PRODUCT_NAME = "$(TARGET_NAME)";
				SWIFT_EMIT_LOC_STRINGS = YES;
				SWIFT_VERSION = 5.0;
				TARGETED_DEVICE_FAMILY = "1,2";
			};
			name = Release;
		};
/* End XCBuildConfiguration section */

/* Begin XCConfigurationList section */
		236D35C527CA49A100955726 /* Build configuration list for PBXProject "TheMovieApp" */ = {
			isa = XCConfigurationList;
			buildConfigurations = (
				236D35D627CA49A400955726 /* Debug */,
				236D35D727CA49A400955726 /* Release */,
			);
			defaultConfigurationIsVisible = 0;
			defaultConfigurationName = Release;
		};
		236D35D827CA49A400955726 /* Build configuration list for PBXNativeTarget "TheMovieApp" */ = {
			isa = XCConfigurationList;
			buildConfigurations = (
				236D35D927CA49A400955726 /* Debug */,
				236D35DA27CA49A400955726 /* Release */,
			);
			defaultConfigurationIsVisible = 0;
			defaultConfigurationName = Release;
		};
/* End XCConfigurationList section */

/* Begin XCRemoteSwiftPackageReference section */
		23C543562836F33700E28F45 /* XCRemoteSwiftPackageReference "SwiftUI-Introspect" */ = {
			isa = XCRemoteSwiftPackageReference;
			repositoryURL = "https://github.com/siteline/SwiftUI-Introspect.git";
			requirement = {
				branch = master;
				kind = branch;
			};
		};
		23F9045127DE07B800A9FE58 /* XCRemoteSwiftPackageReference "SwiftUI-Introspect" */ = {
			isa = XCRemoteSwiftPackageReference;
			repositoryURL = "https://github.com/siteline/SwiftUI-Introspect.git";
			requirement = {
				branch = master;
				kind = branch;
			};
		};
/* End XCRemoteSwiftPackageReference section */

/* Begin XCSwiftPackageProductDependency section */
		23C543572836F33700E28F45 /* Introspect */ = {
			isa = XCSwiftPackageProductDependency;
			package = 23F9045127DE07B800A9FE58 /* XCRemoteSwiftPackageReference "SwiftUI-Introspect" */;
			productName = Introspect;
		};
/* End XCSwiftPackageProductDependency section */
	};
	rootObject = 236D35C227CA49A100955726 /* Project object */;
}
